schema: '2.0'
stages:
  prepare:
    cmd: python src/processing.py
    deps:
    - path: data/titanic-dataset.csv
      hash: md5
      md5: 2309cc5f04782ed9bb6016d9f4e381cf
      size: 61194
    outs:
    - path: data/pipeline-1.pkl
      hash: md5
      md5: 9541bcead93c63e1d1a42df1d4809b6d
      size: 23207
    - path: data/titanic-dataset-processed.csv
      hash: md5
      md5: 49dc3184819061c11779b1dc7e74ade8
      size: 11449
